
Microsoft Visual Studio Solution File, Format Version 12.00
# Visual Studio Version 17
VisualStudioVersion = 17.11.35219.272
MinimumVisualStudioVersion = 10.0.40219.1
Project("{FAE04EC0-301F-11D3-BF4B-00C04F79EFBC}") = "CoreAngularApp", "CoreAngularApp\CoreAngularApp.csproj", "{3E8CA829-E585-42F7-9F16-870887BF9F83}"
EndProject
Global
	GlobalSection(SolutionConfigurationPlatforms) = preSolution
		Debug|Any CPU = Debug|Any CPU
		Release|Any CPU = Release|Any CPU
	EndGlobalSection
	GlobalSection(ProjectConfigurationPlatforms) = postSolution
		{3E8CA829-E585-42F7-9F16-870887BF9F83}.Debug|Any CPU.ActiveCfg = Debug|Any CPU
		{3E8CA829-E585-42F7-9F16-870887BF9F83}.Debug|Any CPU.Build.0 = Debug|Any CPU
		{3E8CA829-E585-42F7-9F16-870887BF9F83}.Release|Any CPU.ActiveCfg = Release|Any CPU
		{3E8CA829-E585-42F7-9F16-870887BF9F83}.Release|Any CPU.Build.0 = Release|Any CPU
	EndGlobalSection
	GlobalSection(SolutionProperties) = preSolution
		HideSolutionNode = FALSE
	EndGlobalSection
	GlobalSection(ExtensibilityGlobals) = postSolution
		SolutionGuid = {6F7D62D5-F7B0-44A6-886B-DE4DE1A5C53C}
	EndGlobalSection
EndGlobal
